
Microsoft Visual Studio Solution File, Format Version 12.00
# Visual Studio Version 16
VisualStudioVersion = 16.0.31129.286
MinimumVisualStudioVersion = 10.0.40219.1
Project("{9A19103F-16F7-4668-BE54-9A1E7A4F7556}") = "cart.net", "testingCart\cart.net.csproj", "{47222B72-08FE-405B-AF01-ED6644BA30F2}"
EndProject
Global
	GlobalSection(SolutionConfigurationPlatforms) = preSolution
		Debug|Any CPU = Debug|Any CPU
		Release|Any CPU = Release|Any CPU
	EndGlobalSection
	GlobalSection(ProjectConfigurationPlatforms) = postSolution
		{47222B72-08FE-405B-AF01-ED6644BA30F2}.Debug|Any CPU.ActiveCfg = Debug|Any CPU
		{47222B72-08FE-405B-AF01-ED6644BA30F2}.Debug|Any CPU.Build.0 = Debug|Any CPU
		{47222B72-08FE-405B-AF01-ED6644BA30F2}.Release|Any CPU.ActiveCfg = Release|Any CPU
		{47222B72-08FE-405B-AF01-ED6644BA30F2}.Release|Any CPU.Build.0 = Release|Any CPU
	EndGlobalSection
	GlobalSection(SolutionProperties) = preSolution
		HideSolutionNode = FALSE
	EndGlobalSection
	GlobalSection(ExtensibilityGlobals) = postSolution
		SolutionGuid = {7749D9D8-BFB5-4AD1-8252-E1F272E8AA47}
	EndGlobalSection
EndGlobal
